
Microsoft Visual Studio Solution File, Format Version 12.00
Project("{FAE04EC0-301F-11D3-BF4B-00C04F79EFBC}") = "MVC-EF.Exemplo1", "MVC-EF.Exemplo1.csproj", "{90407CAA-2C2A-4303-A71E-688B0B7913A1}"
EndProject
Global
	GlobalSection(SolutionConfigurationPlatforms) = preSolution
		Debug|Any CPU = Debug|Any CPU
		Release|Any CPU = Release|Any CPU
	EndGlobalSection
	GlobalSection(ProjectConfigurationPlatforms) = postSolution
		{90407CAA-2C2A-4303-A71E-688B0B7913A1}.Debug|Any CPU.ActiveCfg = Debug|Any CPU
		{90407CAA-2C2A-4303-A71E-688B0B7913A1}.Debug|Any CPU.Build.0 = Debug|Any CPU
		{90407CAA-2C2A-4303-A71E-688B0B7913A1}.Release|Any CPU.ActiveCfg = Release|Any CPU
		{90407CAA-2C2A-4303-A71E-688B0B7913A1}.Release|Any CPU.Build.0 = Release|Any CPU
	EndGlobalSection
EndGlobal
